<?xml version="1.0" encoding="utf-8"?>
<Project ToolsVersion="4.0" xmlns="http://schemas.microsoft.com/developer/msbuild/2003">
  <ItemGroup>
    <Filter Include="zlib">
      <UniqueIdentifier>{8185e3f2-70c3-413e-b7e5-4516b1ee8ac1}</UniqueIdentifier>
    </Filter>
    <Filter Include="libtexb">
      <UniqueIdentifier>{f7ac9ba5-bb3b-40d2-84cb-8813b5fede2a}</UniqueIdentifier>
    </Filter>
    <Filter Include="lodepng">
      <UniqueIdentifier>{b7a62e47-4c76-4b89-83f3-01e51e1db928}</UniqueIdentifier>
    </Filter>
    <Filter Include="HonokaMiku">
      <UniqueIdentifier>{83a0b5cb-8a86-4bd9-9323-76e018e98bc3}</UniqueIdentifier>
    </Filter>
  </ItemGroup>
  <ItemGroup>
    <ClCompile Include="..\zlib-1.2.8\zutil.c">
      <Filter>zlib</Filter>
    </ClCompile>
    <ClCompile Include="..\zlib-1.2.8\adler32.c">
      <Filter>zlib</Filter>
    </ClCompile>
    <ClCompile Include="..\zlib-1.2.8\compress.c">
      <Filter>zlib</Filter>
    </ClCompile>
    <ClCompile Include="..\zlib-1.2.8\crc32.c">
      <Filter>zlib</Filter>
    </ClCompile>
    <ClCompile Include="..\zlib-1.2.8\deflate.c">
      <Filter>zlib</Filter>
    </ClCompile>
    <ClCompile Include="..\zlib-1.2.8\infback.c">
      <Filter>zlib</Filter>
    </ClCompile>
    <ClCompile Include="..\zlib-1.2.8\inffast.c">
      <Filter>zlib</Filter>
    </ClCompile>
    <ClCompile Include="..\zlib-1.2.8\inflate.c">
      <Filter>zlib</Filter>
    </ClCompile>
    <ClCompile Include="..\zlib-1.2.8\inftrees.c">
      <Filter>zlib</Filter>
    </ClCompile>
    <ClCompile Include="..\zlib-1.2.8\trees.c">
      <Filter>zlib</Filter>
    </ClCompile>
    <ClCompile Include="..\zlib-1.2.8\uncompr.c">
      <Filter>zlib</Filter>
    </ClCompile>
    <ClCompile Include="..\src\TEXBLoad.cpp">
      <Filter>libtexb</Filter>
    </ClCompile>
    <ClCompile Include="..\src\TEXBPixel.cpp">
      <Filter>libtexb</Filter>
    </ClCompile>
    <ClCompile Include="..\src\TEXBSave.cpp">
      <Filter>libtexb</Filter>
    </ClCompile>
    <ClCompile Include="..\src\TIMG.cpp">
      <Filter>libtexb</Filter>
    </ClCompile>
    <ClCompile Include="..\src\TEXBFetch.cpp">
      <Filter>libtexb</Filter>
    </ClCompile>
    <ClCompile Include="..\src\TEXBModify.cpp">
      <Filter>libtexb</Filter>
    </ClCompile>
    <ClCompile Include="..\lodepng\lodepng.cpp">
      <Filter>lodepng</Filter>
    </ClCompile>
    <ClCompile Include="..\src\Itsudemo.cpp" />
    <ClCompile Include="..\HonokaMiku-2.3.1\JP_Decrypter.cc">
      <Filter>HonokaMiku</Filter>
    </ClCompile>
    <ClCompile Include="..\HonokaMiku-2.3.1\V2_Decrypter.cc">
      <Filter>HonokaMiku</Filter>
    </ClCompile>
  </ItemGroup>
  <ItemGroup>
    <ResourceCompile Include="..\Info.rc" />
  </ItemGroup>
</Project>